
Microsoft Visual Studio Solution File, Format Version 12.00
# Visual Studio Version 16
VisualStudioVersion = 16.0.30804.86
MinimumVisualStudioVersion = 10.0.40219.1
Project("{FAE04EC0-301F-11D3-BF4B-00C04F79EFBC}") = "ProgrammingExercise01", "ProgrammingExercise01.csproj", "{782E6F9E-E80D-43B5-85F3-90375321B1E7}"
EndProject
Global
	GlobalSection(SolutionConfigurationPlatforms) = preSolution
		Debug|Any CPU = Debug|Any CPU
		Release|Any CPU = Release|Any CPU
	EndGlobalSection
	GlobalSection(ProjectConfigurationPlatforms) = postSolution
		{782E6F9E-E80D-43B5-85F3-90375321B1E7}.Debug|Any CPU.ActiveCfg = Debug|Any CPU
		{782E6F9E-E80D-43B5-85F3-90375321B1E7}.Debug|Any CPU.Build.0 = Debug|Any CPU
		{782E6F9E-E80D-43B5-85F3-90375321B1E7}.Release|Any CPU.ActiveCfg = Release|Any CPU
		{782E6F9E-E80D-43B5-85F3-90375321B1E7}.Release|Any CPU.Build.0 = Release|Any CPU
	EndGlobalSection
	GlobalSection(SolutionProperties) = preSolution
		HideSolutionNode = FALSE
	EndGlobalSection
	GlobalSection(ExtensibilityGlobals) = postSolution
		SolutionGuid = {63FF6BEA-426B-4CF3-9D86-90D10F29C90D}
	EndGlobalSection
EndGlobal
