
Microsoft Visual Studio Solution File, Format Version 12.00
# Visual Studio Version 16
VisualStudioVersion = 16.0.30804.86
MinimumVisualStudioVersion = 10.0.40219.1
Project("{FAE04EC0-301F-11D3-BF4B-00C04F79EFBC}") = "CSharpEx04", "CSharpEx04.csproj", "{CCE78B20-052D-41AF-9588-6E05A211F062}"
EndProject
Global
	GlobalSection(SolutionConfigurationPlatforms) = preSolution
		Debug|Any CPU = Debug|Any CPU
		Release|Any CPU = Release|Any CPU
	EndGlobalSection
	GlobalSection(ProjectConfigurationPlatforms) = postSolution
		{CCE78B20-052D-41AF-9588-6E05A211F062}.Debug|Any CPU.ActiveCfg = Debug|Any CPU
		{CCE78B20-052D-41AF-9588-6E05A211F062}.Debug|Any CPU.Build.0 = Debug|Any CPU
		{CCE78B20-052D-41AF-9588-6E05A211F062}.Release|Any CPU.ActiveCfg = Release|Any CPU
		{CCE78B20-052D-41AF-9588-6E05A211F062}.Release|Any CPU.Build.0 = Release|Any CPU
	EndGlobalSection
	GlobalSection(SolutionProperties) = preSolution
		HideSolutionNode = FALSE
	EndGlobalSection
	GlobalSection(ExtensibilityGlobals) = postSolution
		SolutionGuid = {7B19CAF6-A0D9-4987-BAEB-3321E9AB6115}
	EndGlobalSection
EndGlobal
