
Microsoft Visual Studio Solution File, Format Version 12.00
# Visual Studio Version 16
VisualStudioVersion = 16.0.30804.86
MinimumVisualStudioVersion = 10.0.40219.1
Project("{FAE04EC0-301F-11D3-BF4B-00C04F79EFBC}") = "MultiplicationTable", "MultiplicationTable.csproj", "{FC7B606C-BAF6-431C-975F-18EBB3FDC22A}"
EndProject
Global
	GlobalSection(SolutionConfigurationPlatforms) = preSolution
		Debug|Any CPU = Debug|Any CPU
		Release|Any CPU = Release|Any CPU
	EndGlobalSection
	GlobalSection(ProjectConfigurationPlatforms) = postSolution
		{FC7B606C-BAF6-431C-975F-18EBB3FDC22A}.Debug|Any CPU.ActiveCfg = Debug|Any CPU
		{FC7B606C-BAF6-431C-975F-18EBB3FDC22A}.Debug|Any CPU.Build.0 = Debug|Any CPU
		{FC7B606C-BAF6-431C-975F-18EBB3FDC22A}.Release|Any CPU.ActiveCfg = Release|Any CPU
		{FC7B606C-BAF6-431C-975F-18EBB3FDC22A}.Release|Any CPU.Build.0 = Release|Any CPU
	EndGlobalSection
	GlobalSection(SolutionProperties) = preSolution
		HideSolutionNode = FALSE
	EndGlobalSection
	GlobalSection(ExtensibilityGlobals) = postSolution
		SolutionGuid = {FB0B863F-C122-495E-81C2-023E9E475151}
	EndGlobalSection
EndGlobal
