
Microsoft Visual Studio Solution File, Format Version 12.00
# Visual Studio Version 16
VisualStudioVersion = 16.0.30804.86
MinimumVisualStudioVersion = 10.0.40219.1
Project("{FAE04EC0-301F-11D3-BF4B-00C04F79EFBC}") = "ProgEx02", "ProgEx02.csproj", "{4B97DD64-E717-4072-A42E-A3C3096FABBC}"
EndProject
Global
	GlobalSection(SolutionConfigurationPlatforms) = preSolution
		Debug|Any CPU = Debug|Any CPU
		Release|Any CPU = Release|Any CPU
	EndGlobalSection
	GlobalSection(ProjectConfigurationPlatforms) = postSolution
		{4B97DD64-E717-4072-A42E-A3C3096FABBC}.Debug|Any CPU.ActiveCfg = Debug|Any CPU
		{4B97DD64-E717-4072-A42E-A3C3096FABBC}.Debug|Any CPU.Build.0 = Debug|Any CPU
		{4B97DD64-E717-4072-A42E-A3C3096FABBC}.Release|Any CPU.ActiveCfg = Release|Any CPU
		{4B97DD64-E717-4072-A42E-A3C3096FABBC}.Release|Any CPU.Build.0 = Release|Any CPU
	EndGlobalSection
	GlobalSection(SolutionProperties) = preSolution
		HideSolutionNode = FALSE
	EndGlobalSection
	GlobalSection(ExtensibilityGlobals) = postSolution
		SolutionGuid = {52A3EE7B-28B4-410E-A36F-16CB0612C9B4}
	EndGlobalSection
EndGlobal
